// !$*UTF8*$!
{
	archiveVersion = 1;
	classes = {
	};
	objectVersion = 50;
	objects = {

/* Begin PBXBuildFile section */
		4277106E20B9DBE60082AEA3 /* TwitterUtils.swift in Sources */ = {isa = PBXBuildFile; fileRef = 4277106D20B9DBE60082AEA3 /* TwitterUtils.swift */; };
		4277107020B9E8010082AEA3 /* SafariServices.framework in Frameworks */ = {isa = PBXBuildFile; fileRef = 4277106F20B9E8010082AEA3 /* SafariServices.framework */; };
		8707DBEE20B9E1A200E4BC51 /* TeamModel.swift in Sources */ = {isa = PBXBuildFile; fileRef = 8707DBED20B9E1A200E4BC51 /* TeamModel.swift */; };
		8707DBF020B9E20900E4BC51 /* TeamData.swift in Sources */ = {isa = PBXBuildFile; fileRef = 8707DBEF20B9E20900E4BC51 /* TeamData.swift */; };
		871AEE6520B9FD2F006DB326 /* R.generated.swift in Sources */ = {isa = PBXBuildFile; fileRef = 871AEE6420B9FD2F006DB326 /* R.generated.swift */; };
		871AEE6720BA03CE006DB326 /* Tipping.swift in Sources */ = {isa = PBXBuildFile; fileRef = 871AEE6620BA03CE006DB326 /* Tipping.swift */; };
		871AEE6920BA048E006DB326 /* TippingModel.swift in Sources */ = {isa = PBXBuildFile; fileRef = 871AEE6820BA048E006DB326 /* TippingModel.swift */; };
		93D916F6F53A85944C7CDBC6 /* Pods_nirakka.framework in Frameworks */ = {isa = PBXBuildFile; fileRef = 08F3B6C71394106EACD93DA0 /* Pods_nirakka.framework */; };
		DB9F561820B915390058ADBD /* AppDelegate.swift in Sources */ = {isa = PBXBuildFile; fileRef = DB9F561720B915390058ADBD /* AppDelegate.swift */; };
		DB9F562120B9153A0058ADBD /* Assets.xcassets in Resources */ = {isa = PBXBuildFile; fileRef = DB9F562020B9153A0058ADBD /* Assets.xcassets */; };
		DB9F562420B9153A0058ADBD /* LaunchScreen.storyboard in Resources */ = {isa = PBXBuildFile; fileRef = DB9F562220B9153A0058ADBD /* LaunchScreen.storyboard */; };
		DB9F562E20B920E00058ADBD /* StartVC.swift in Sources */ = {isa = PBXBuildFile; fileRef = DB9F562D20B920E00058ADBD /* StartVC.swift */; };
		DBB30F5E20B925000023B308 /* NotoSansCJK-Bold.ttc in Resources */ = {isa = PBXBuildFile; fileRef = DBB30F5D20B924A30023B308 /* NotoSansCJK-Bold.ttc */; };
		DBB30F5F20B925020023B308 /* NotoSansCJK-Medium.ttc in Resources */ = {isa = PBXBuildFile; fileRef = DBB30F5C20B9249C0023B308 /* NotoSansCJK-Medium.ttc */; };
		DBB30F6B20B928AA0023B308 /* TrackingState+Desription.swift in Sources */ = {isa = PBXBuildFile; fileRef = DBB30F6620B928A90023B308 /* TrackingState+Desription.swift */; };
		DBB30F6D20B928AA0023B308 /* ExUIViewController.swift in Sources */ = {isa = PBXBuildFile; fileRef = DBB30F6820B928A90023B308 /* ExUIViewController.swift */; };
		DBB30F7120B92ACF0023B308 /* TabBarController.swift in Sources */ = {isa = PBXBuildFile; fileRef = DBB30F7020B92ACF0023B308 /* TabBarController.swift */; };
		DBB30F7520B92FE30023B308 /* ExUIIMage.swift in Sources */ = {isa = PBXBuildFile; fileRef = DBB30F7420B92FE30023B308 /* ExUIIMage.swift */; };
		DBB30F7720B930960023B308 /* TimeLineVC.swift in Sources */ = {isa = PBXBuildFile; fileRef = DBB30F7620B930960023B308 /* TimeLineVC.swift */; };
		DBB30F7920B930DE0023B308 /* SearchVC.swift in Sources */ = {isa = PBXBuildFile; fileRef = DBB30F7820B930DE0023B308 /* SearchVC.swift */; };
		DBB30F7B20B931280023B308 /* TeamVC.swift in Sources */ = {isa = PBXBuildFile; fileRef = DBB30F7A20B931280023B308 /* TeamVC.swift */; };
		DBB30F7F20B93C480023B308 /* CollectionView.swift in Sources */ = {isa = PBXBuildFile; fileRef = DBB30F7E20B93C480023B308 /* CollectionView.swift */; };
		DBB30F8120B93C500023B308 /* CollectionViewCell.swift in Sources */ = {isa = PBXBuildFile; fileRef = DBB30F8020B93C500023B308 /* CollectionViewCell.swift */; };
		DBB30F8320B93CBB0023B308 /* GameData.swift in Sources */ = {isa = PBXBuildFile; fileRef = DBB30F8220B93CBB0023B308 /* GameData.swift */; };
		DBB30F8520B93D800023B308 /* SkeletonCollectionViewCell.swift in Sources */ = {isa = PBXBuildFile; fileRef = DBB30F8420B93D800023B308 /* SkeletonCollectionViewCell.swift */; };
		DBB30F8820B93F5D0023B308 /* TimeLineModel.swift in Sources */ = {isa = PBXBuildFile; fileRef = DBB30F8720B93F5D0023B308 /* TimeLineModel.swift */; };
		DBB30F8B20B941920023B308 /* iPhoneSize.swift in Sources */ = {isa = PBXBuildFile; fileRef = DBB30F8A20B941920023B308 /* iPhoneSize.swift */; };
		DBB30F8F20B942B40023B308 /* UIColor+App.swift in Sources */ = {isa = PBXBuildFile; fileRef = DBB30F8E20B942B40023B308 /* UIColor+App.swift */; };
		DBB30F9120B942E20023B308 /* AppExtension.swift in Sources */ = {isa = PBXBuildFile; fileRef = DBB30F9020B942E20023B308 /* AppExtension.swift */; };
		DBB30F9520B9458E0023B308 /* GameDataCell.swift in Sources */ = {isa = PBXBuildFile; fileRef = DBB30F9420B9458E0023B308 /* GameDataCell.swift */; };
		DBFC51BF20B973ED0022F40B /* VirtualObjectNode.swift in Sources */ = {isa = PBXBuildFile; fileRef = DBFC51BE20B973ED0022F40B /* VirtualObjectNode.swift */; };
		DBFC51C320B9C5CB0022F40B /* Constant.swift in Sources */ = {isa = PBXBuildFile; fileRef = DBFC51C220B9C5CB0022F40B /* Constant.swift */; };
		DBFC51C520B9C6A30022F40B /* Log.swift in Sources */ = {isa = PBXBuildFile; fileRef = DBFC51C420B9C6A30022F40B /* Log.swift */; };
		DBFC51C720B9C70C0022F40B /* Alert.swift in Sources */ = {isa = PBXBuildFile; fileRef = DBFC51C620B9C70C0022F40B /* Alert.swift */; };
		DBFC51C920B9C7AD0022F40B /* Helper.swift in Sources */ = {isa = PBXBuildFile; fileRef = DBFC51C820B9C7AC0022F40B /* Helper.swift */; };
		DBFC51CB20B9CC940022F40B /* GameDetailVC.swift in Sources */ = {isa = PBXBuildFile; fileRef = DBFC51CA20B9CC940022F40B /* GameDetailVC.swift */; };
/* End PBXBuildFile section */

/* Begin PBXFileReference section */
		08F3B6C71394106EACD93DA0 /* Pods_nirakka.framework */ = {isa = PBXFileReference; explicitFileType = wrapper.framework; includeInIndex = 0; path = Pods_nirakka.framework; sourceTree = BUILT_PRODUCTS_DIR; };
		21F5728E5DF2DD06AD14AD27 /* Pods-nirakka.release.xcconfig */ = {isa = PBXFileReference; includeInIndex = 1; lastKnownFileType = text.xcconfig; name = "Pods-nirakka.release.xcconfig"; path = "Pods/Target Support Files/Pods-nirakka/Pods-nirakka.release.xcconfig"; sourceTree = "<group>"; };
		30E3CE219D359DDE423B74BC /* Pods-nirakka.debug.xcconfig */ = {isa = PBXFileReference; includeInIndex = 1; lastKnownFileType = text.xcconfig; name = "Pods-nirakka.debug.xcconfig"; path = "Pods/Target Support Files/Pods-nirakka/Pods-nirakka.debug.xcconfig"; sourceTree = "<group>"; };
		4277106D20B9DBE60082AEA3 /* TwitterUtils.swift */ = {isa = PBXFileReference; lastKnownFileType = sourcecode.swift; path = TwitterUtils.swift; sourceTree = "<group>"; };
		4277106F20B9E8010082AEA3 /* SafariServices.framework */ = {isa = PBXFileReference; lastKnownFileType = wrapper.framework; name = SafariServices.framework; path = System/Library/Frameworks/SafariServices.framework; sourceTree = SDKROOT; };
		8707DBED20B9E1A200E4BC51 /* TeamModel.swift */ = {isa = PBXFileReference; lastKnownFileType = sourcecode.swift; path = TeamModel.swift; sourceTree = "<group>"; };
		8707DBEF20B9E20900E4BC51 /* TeamData.swift */ = {isa = PBXFileReference; lastKnownFileType = sourcecode.swift; path = TeamData.swift; sourceTree = "<group>"; };
		871AEE6420B9FD2F006DB326 /* R.generated.swift */ = {isa = PBXFileReference; fileEncoding = 4; lastKnownFileType = sourcecode.swift; path = R.generated.swift; sourceTree = "<group>"; };
		871AEE6620BA03CE006DB326 /* Tipping.swift */ = {isa = PBXFileReference; lastKnownFileType = sourcecode.swift; path = Tipping.swift; sourceTree = "<group>"; };
		871AEE6820BA048E006DB326 /* TippingModel.swift */ = {isa = PBXFileReference; lastKnownFileType = sourcecode.swift; path = TippingModel.swift; sourceTree = "<group>"; };
		DB9F561420B915390058ADBD /* nirakka.app */ = {isa = PBXFileReference; explicitFileType = wrapper.application; includeInIndex = 0; path = nirakka.app; sourceTree = BUILT_PRODUCTS_DIR; };
		DB9F561720B915390058ADBD /* AppDelegate.swift */ = {isa = PBXFileReference; lastKnownFileType = sourcecode.swift; path = AppDelegate.swift; sourceTree = "<group>"; };
		DB9F562020B9153A0058ADBD /* Assets.xcassets */ = {isa = PBXFileReference; lastKnownFileType = folder.assetcatalog; path = Assets.xcassets; sourceTree = "<group>"; };
		DB9F562320B9153A0058ADBD /* Base */ = {isa = PBXFileReference; lastKnownFileType = file.storyboard; name = Base; path = Base.lproj/LaunchScreen.storyboard; sourceTree = "<group>"; };
		DB9F562520B9153A0058ADBD /* Info.plist */ = {isa = PBXFileReference; lastKnownFileType = text.plist.xml; path = Info.plist; sourceTree = "<group>"; };
		DB9F562D20B920E00058ADBD /* StartVC.swift */ = {isa = PBXFileReference; lastKnownFileType = sourcecode.swift; path = StartVC.swift; sourceTree = "<group>"; };
		DBB30F5C20B9249C0023B308 /* NotoSansCJK-Medium.ttc */ = {isa = PBXFileReference; lastKnownFileType = file; path = "NotoSansCJK-Medium.ttc"; sourceTree = "<group>"; };
		DBB30F5D20B924A30023B308 /* NotoSansCJK-Bold.ttc */ = {isa = PBXFileReference; lastKnownFileType = file; path = "NotoSansCJK-Bold.ttc"; sourceTree = "<group>"; };
		DBB30F6620B928A90023B308 /* TrackingState+Desription.swift */ = {isa = PBXFileReference; fileEncoding = 4; lastKnownFileType = sourcecode.swift; path = "TrackingState+Desription.swift"; sourceTree = "<group>"; };
		DBB30F6820B928A90023B308 /* ExUIViewController.swift */ = {isa = PBXFileReference; fileEncoding = 4; lastKnownFileType = sourcecode.swift; path = ExUIViewController.swift; sourceTree = "<group>"; };
		DBB30F7020B92ACF0023B308 /* TabBarController.swift */ = {isa = PBXFileReference; fileEncoding = 4; lastKnownFileType = sourcecode.swift; path = TabBarController.swift; sourceTree = "<group>"; };
		DBB30F7420B92FE30023B308 /* ExUIIMage.swift */ = {isa = PBXFileReference; fileEncoding = 4; lastKnownFileType = sourcecode.swift; path = ExUIIMage.swift; sourceTree = "<group>"; };
		DBB30F7620B930960023B308 /* TimeLineVC.swift */ = {isa = PBXFileReference; lastKnownFileType = sourcecode.swift; path = TimeLineVC.swift; sourceTree = "<group>"; };
		DBB30F7820B930DE0023B308 /* SearchVC.swift */ = {isa = PBXFileReference; lastKnownFileType = sourcecode.swift; path = SearchVC.swift; sourceTree = "<group>"; };
		DBB30F7A20B931280023B308 /* TeamVC.swift */ = {isa = PBXFileReference; lastKnownFileType = sourcecode.swift; path = TeamVC.swift; sourceTree = "<group>"; };
		DBB30F7E20B93C480023B308 /* CollectionView.swift */ = {isa = PBXFileReference; fileEncoding = 4; lastKnownFileType = sourcecode.swift; path = CollectionView.swift; sourceTree = "<group>"; };
		DBB30F8020B93C500023B308 /* CollectionViewCell.swift */ = {isa = PBXFileReference; fileEncoding = 4; lastKnownFileType = sourcecode.swift; path = CollectionViewCell.swift; sourceTree = "<group>"; };
		DBB30F8220B93CBB0023B308 /* GameData.swift */ = {isa = PBXFileReference; fileEncoding = 4; lastKnownFileType = sourcecode.swift; path = GameData.swift; sourceTree = "<group>"; };
		DBB30F8420B93D800023B308 /* SkeletonCollectionViewCell.swift */ = {isa = PBXFileReference; fileEncoding = 4; lastKnownFileType = sourcecode.swift; path = SkeletonCollectionViewCell.swift; sourceTree = "<group>"; };
		DBB30F8720B93F5D0023B308 /* TimeLineModel.swift */ = {isa = PBXFileReference; lastKnownFileType = sourcecode.swift; path = TimeLineModel.swift; sourceTree = "<group>"; };
		DBB30F8A20B941920023B308 /* iPhoneSize.swift */ = {isa = PBXFileReference; fileEncoding = 4; lastKnownFileType = sourcecode.swift; path = iPhoneSize.swift; sourceTree = "<group>"; };
		DBB30F8E20B942B40023B308 /* UIColor+App.swift */ = {isa = PBXFileReference; fileEncoding = 4; lastKnownFileType = sourcecode.swift; path = "UIColor+App.swift"; sourceTree = "<group>"; };
		DBB30F9020B942E20023B308 /* AppExtension.swift */ = {isa = PBXFileReference; fileEncoding = 4; lastKnownFileType = sourcecode.swift; path = AppExtension.swift; sourceTree = "<group>"; };
		DBB30F9420B9458E0023B308 /* GameDataCell.swift */ = {isa = PBXFileReference; lastKnownFileType = sourcecode.swift; path = GameDataCell.swift; sourceTree = "<group>"; };
		DBFC51BE20B973ED0022F40B /* VirtualObjectNode.swift */ = {isa = PBXFileReference; lastKnownFileType = sourcecode.swift; path = VirtualObjectNode.swift; sourceTree = "<group>"; };
		DBFC51C220B9C5CB0022F40B /* Constant.swift */ = {isa = PBXFileReference; lastKnownFileType = sourcecode.swift; path = Constant.swift; sourceTree = "<group>"; };
		DBFC51C420B9C6A30022F40B /* Log.swift */ = {isa = PBXFileReference; lastKnownFileType = sourcecode.swift; path = Log.swift; sourceTree = "<group>"; };
		DBFC51C620B9C70C0022F40B /* Alert.swift */ = {isa = PBXFileReference; fileEncoding = 4; lastKnownFileType = sourcecode.swift; path = Alert.swift; sourceTree = "<group>"; };
		DBFC51C820B9C7AC0022F40B /* Helper.swift */ = {isa = PBXFileReference; fileEncoding = 4; lastKnownFileType = sourcecode.swift; path = Helper.swift; sourceTree = "<group>"; };
		DBFC51CA20B9CC940022F40B /* GameDetailVC.swift */ = {isa = PBXFileReference; lastKnownFileType = sourcecode.swift; path = GameDetailVC.swift; sourceTree = "<group>"; };
/* End PBXFileReference section */

/* Begin PBXFrameworksBuildPhase section */
		DB9F561120B915390058ADBD /* Frameworks */ = {
			isa = PBXFrameworksBuildPhase;
			buildActionMask = 2147483647;
			files = (
				4277107020B9E8010082AEA3 /* SafariServices.framework in Frameworks */,
				93D916F6F53A85944C7CDBC6 /* Pods_nirakka.framework in Frameworks */,
			);
			runOnlyForDeploymentPostprocessing = 0;
		};
/* End PBXFrameworksBuildPhase section */

/* Begin PBXGroup section */
		4E8AE7CF665BE828DBF5F299 /* Frameworks */ = {
			isa = PBXGroup;
			children = (
				4277106F20B9E8010082AEA3 /* SafariServices.framework */,
				08F3B6C71394106EACD93DA0 /* Pods_nirakka.framework */,
			);
			name = Frameworks;
			sourceTree = "<group>";
		};
		7FF609C94402A5493197864C /* Pods */ = {
			isa = PBXGroup;
			children = (
				30E3CE219D359DDE423B74BC /* Pods-nirakka.debug.xcconfig */,
				21F5728E5DF2DD06AD14AD27 /* Pods-nirakka.release.xcconfig */,
			);
			name = Pods;
			sourceTree = "<group>";
		};
		DB9F560B20B915390058ADBD = {
			isa = PBXGroup;
			children = (
				DB9F561620B915390058ADBD /* nirakka */,
				DB9F561520B915390058ADBD /* Products */,
				7FF609C94402A5493197864C /* Pods */,
				4E8AE7CF665BE828DBF5F299 /* Frameworks */,
			);
			sourceTree = "<group>";
		};
		DB9F561520B915390058ADBD /* Products */ = {
			isa = PBXGroup;
			children = (
				DB9F561420B915390058ADBD /* nirakka.app */,
			);
			name = Products;
			sourceTree = "<group>";
		};
		DB9F561620B915390058ADBD /* nirakka */ = {
			isa = PBXGroup;
			children = (
				DBB30F9220B943220023B308 /* Extensions */,
				DBB30F6520B9289C0023B308 /* common */,
				DBB30F5C20B9249C0023B308 /* NotoSansCJK-Medium.ttc */,
				DBB30F5D20B924A30023B308 /* NotoSansCJK-Bold.ttc */,
				DB9F561720B915390058ADBD /* AppDelegate.swift */,
				DB9F562B20B920B50058ADBD /* Class */,
				DBB30F8920B9417F0023B308 /* Helper */,
				DB9F562020B9153A0058ADBD /* Assets.xcassets */,
				DB9F562220B9153A0058ADBD /* LaunchScreen.storyboard */,
				DB9F562520B9153A0058ADBD /* Info.plist */,
			);
			path = nirakka;
			sourceTree = "<group>";
		};
		DB9F562B20B920B50058ADBD /* Class */ = {
			isa = PBXGroup;
			children = (
				871AEE6420B9FD2F006DB326 /* R.generated.swift */,
				DBB30F9320B9457E0023B308 /* Cell */,
				DBB30F8620B93F530023B308 /* Model */,
				DB9F562C20B920C20058ADBD /* View */,
			);
			path = Class;
			sourceTree = "<group>";
		};
		DB9F562C20B920C20058ADBD /* View */ = {
			isa = PBXGroup;
			children = (
				DB9F562D20B920E00058ADBD /* StartVC.swift */,
				DBB30F7020B92ACF0023B308 /* TabBarController.swift */,
				DBB30F7620B930960023B308 /* TimeLineVC.swift */,
				DBB30F7820B930DE0023B308 /* SearchVC.swift */,
				DBB30F7A20B931280023B308 /* TeamVC.swift */,
				DBFC51CA20B9CC940022F40B /* GameDetailVC.swift */,
			);
			path = View;
			sourceTree = "<group>";
		};
		DBB30F6520B9289C0023B308 /* common */ = {
			isa = PBXGroup;
			children = (
				DBB30F6620B928A90023B308 /* TrackingState+Desription.swift */,
				DBB30F7E20B93C480023B308 /* CollectionView.swift */,
				DBFC51BE20B973ED0022F40B /* VirtualObjectNode.swift */,
			);
			path = common;
			sourceTree = "<group>";
		};
		DBB30F8620B93F530023B308 /* Model */ = {
			isa = PBXGroup;
			children = (
				DBB30F8720B93F5D0023B308 /* TimeLineModel.swift */,
				8707DBED20B9E1A200E4BC51 /* TeamModel.swift */,
				871AEE6820BA048E006DB326 /* TippingModel.swift */,
			);
			path = Model;
			sourceTree = "<group>";
		};
		DBB30F8920B9417F0023B308 /* Helper */ = {
			isa = PBXGroup;
			children = (
				DBB30F8220B93CBB0023B308 /* GameData.swift */,
				DBFC51C820B9C7AC0022F40B /* Helper.swift */,
				DBFC51C620B9C70C0022F40B /* Alert.swift */,
				DBB30F8A20B941920023B308 /* iPhoneSize.swift */,
				DBFC51C220B9C5CB0022F40B /* Constant.swift */,
				DBFC51C420B9C6A30022F40B /* Log.swift */,
				4277106D20B9DBE60082AEA3 /* TwitterUtils.swift */,
				8707DBEF20B9E20900E4BC51 /* TeamData.swift */,
				871AEE6620BA03CE006DB326 /* Tipping.swift */,
			);
			path = Helper;
			sourceTree = "<group>";
		};
		DBB30F9220B943220023B308 /* Extensions */ = {
			isa = PBXGroup;
			children = (
				DBB30F9020B942E20023B308 /* AppExtension.swift */,
				DBB30F7420B92FE30023B308 /* ExUIIMage.swift */,
				DBB30F8E20B942B40023B308 /* UIColor+App.swift */,
				DBB30F6820B928A90023B308 /* ExUIViewController.swift */,
			);
			path = Extensions;
			sourceTree = "<group>";
		};
		DBB30F9320B9457E0023B308 /* Cell */ = {
			isa = PBXGroup;
			children = (
				DBB30F8020B93C500023B308 /* CollectionViewCell.swift */,
				DBB30F8420B93D800023B308 /* SkeletonCollectionViewCell.swift */,
				DBB30F9420B9458E0023B308 /* GameDataCell.swift */,
			);
			path = Cell;
			sourceTree = "<group>";
		};
/* End PBXGroup section */

/* Begin PBXNativeTarget section */
		DB9F561320B915390058ADBD /* nirakka */ = {
			isa = PBXNativeTarget;
			buildConfigurationList = DB9F562820B9153A0058ADBD /* Build configuration list for PBXNativeTarget "nirakka" */;
			buildPhases = (
				98C250DA1400F97A68B92B47 /* [CP] Check Pods Manifest.lock */,
				DB9F561020B915390058ADBD /* Sources */,
				DB9F561120B915390058ADBD /* Frameworks */,
				DB9F561220B915390058ADBD /* Resources */,
				2D4323F022FC94F622BD687C /* [CP] Embed Pods Frameworks */,
				541C7E051E958A399F819A6B /* [CP] Copy Pods Resources */,
				DBB30F6020B925770023B308 /* ShellScript */,
			);
			buildRules = (
			);
			dependencies = (
			);
			name = nirakka;
			productName = nirakka;
			productReference = DB9F561420B915390058ADBD /* nirakka.app */;
			productType = "com.apple.product-type.application";
		};
/* End PBXNativeTarget section */

/* Begin PBXProject section */
		DB9F560C20B915390058ADBD /* Project object */ = {
			isa = PBXProject;
			attributes = {
				LastSwiftUpdateCheck = 0930;
				LastUpgradeCheck = 0930;
				ORGANIZATIONNAME = teamNirakka;
				TargetAttributes = {
					DB9F561320B915390058ADBD = {
						CreatedOnToolsVersion = 9.3.1;
					};
				};
			};
			buildConfigurationList = DB9F560F20B915390058ADBD /* Build configuration list for PBXProject "nirakka" */;
			compatibilityVersion = "Xcode 9.3";
			developmentRegion = en;
			hasScannedForEncodings = 0;
			knownRegions = (
				en,
				Base,
			);
			mainGroup = DB9F560B20B915390058ADBD;
			productRefGroup = DB9F561520B915390058ADBD /* Products */;
			projectDirPath = "";
			projectRoot = "";
			targets = (
				DB9F561320B915390058ADBD /* nirakka */,
			);
		};
/* End PBXProject section */

/* Begin PBXResourcesBuildPhase section */
		DB9F561220B915390058ADBD /* Resources */ = {
			isa = PBXResourcesBuildPhase;
			buildActionMask = 2147483647;
			files = (
				DBB30F5F20B925020023B308 /* NotoSansCJK-Medium.ttc in Resources */,
				DBB30F5E20B925000023B308 /* NotoSansCJK-Bold.ttc in Resources */,
				DB9F562420B9153A0058ADBD /* LaunchScreen.storyboard in Resources */,
				DB9F562120B9153A0058ADBD /* Assets.xcassets in Resources */,
			);
			runOnlyForDeploymentPostprocessing = 0;
		};
/* End PBXResourcesBuildPhase section */

/* Begin PBXShellScriptBuildPhase section */
		2D4323F022FC94F622BD687C /* [CP] Embed Pods Frameworks */ = {
			isa = PBXShellScriptBuildPhase;
			buildActionMask = 2147483647;
			files = (
			);
			inputPaths = (
				"${SRCROOT}/Pods/Target Support Files/Pods-nirakka/Pods-nirakka-frameworks.sh",
				"${BUILT_PRODUCTS_DIR}/Alamofire/Alamofire.framework",
				"${BUILT_PRODUCTS_DIR}/AlamofireImage/AlamofireImage.framework",
				"${BUILT_PRODUCTS_DIR}/FCAlertView/FCAlertView.framework",
				"${BUILT_PRODUCTS_DIR}/Material/Material.framework",
				"${BUILT_PRODUCTS_DIR}/Motion/Motion.framework",
				"${BUILT_PRODUCTS_DIR}/PagingMenuController/PagingMenuController.framework",
				"${BUILT_PRODUCTS_DIR}/R.swift.Library/Rswift.framework",
				"${BUILT_PRODUCTS_DIR}/SkeletonView/SkeletonView.framework",
				"${BUILT_PRODUCTS_DIR}/SnapKit/SnapKit.framework",
				"${BUILT_PRODUCTS_DIR}/SwiftyJSON/SwiftyJSON.framework",
				"${PODS_ROOT}/TwitterCore/iOS/TwitterCore.framework",
				"${PODS_ROOT}/TwitterKit/iOS/TwitterKit.framework",
			);
			name = "[CP] Embed Pods Frameworks";
			outputPaths = (
				"${TARGET_BUILD_DIR}/${FRAMEWORKS_FOLDER_PATH}/Alamofire.framework",
				"${TARGET_BUILD_DIR}/${FRAMEWORKS_FOLDER_PATH}/AlamofireImage.framework",
				"${TARGET_BUILD_DIR}/${FRAMEWORKS_FOLDER_PATH}/FCAlertView.framework",
				"${TARGET_BUILD_DIR}/${FRAMEWORKS_FOLDER_PATH}/Material.framework",
				"${TARGET_BUILD_DIR}/${FRAMEWORKS_FOLDER_PATH}/Motion.framework",
				"${TARGET_BUILD_DIR}/${FRAMEWORKS_FOLDER_PATH}/PagingMenuController.framework",
				"${TARGET_BUILD_DIR}/${FRAMEWORKS_FOLDER_PATH}/Rswift.framework",
				"${TARGET_BUILD_DIR}/${FRAMEWORKS_FOLDER_PATH}/SkeletonView.framework",
				"${TARGET_BUILD_DIR}/${FRAMEWORKS_FOLDER_PATH}/SnapKit.framework",
				"${TARGET_BUILD_DIR}/${FRAMEWORKS_FOLDER_PATH}/SwiftyJSON.framework",
				"${TARGET_BUILD_DIR}/${FRAMEWORKS_FOLDER_PATH}/TwitterCore.framework",
				"${TARGET_BUILD_DIR}/${FRAMEWORKS_FOLDER_PATH}/TwitterKit.framework",
			);
			runOnlyForDeploymentPostprocessing = 0;
			shellPath = /bin/sh;
			shellScript = "\"${SRCROOT}/Pods/Target Support Files/Pods-nirakka/Pods-nirakka-frameworks.sh\"\n";
			showEnvVarsInLog = 0;
		};
		541C7E051E958A399F819A6B /* [CP] Copy Pods Resources */ = {
			isa = PBXShellScriptBuildPhase;
			buildActionMask = 2147483647;
			files = (
			);
			inputPaths = (
				"${SRCROOT}/Pods/Target Support Files/Pods-nirakka/Pods-nirakka-resources.sh",
				"${PODS_ROOT}/TwitterKit/iOS/TwitterKit.framework/TwitterKitResources.bundle",
				"${PODS_ROOT}/TwitterKit/iOS/TwitterKit.framework/TwitterShareExtensionUIResources.bundle",
			);
			name = "[CP] Copy Pods Resources";
			outputPaths = (
				"${TARGET_BUILD_DIR}/${UNLOCALIZED_RESOURCES_FOLDER_PATH}/TwitterKitResources.bundle",
				"${TARGET_BUILD_DIR}/${UNLOCALIZED_RESOURCES_FOLDER_PATH}/TwitterShareExtensionUIResources.bundle",
			);
			runOnlyForDeploymentPostprocessing = 0;
			shellPath = /bin/sh;
			shellScript = "\"${SRCROOT}/Pods/Target Support Files/Pods-nirakka/Pods-nirakka-resources.sh\"\n";
			showEnvVarsInLog = 0;
		};
		98C250DA1400F97A68B92B47 /* [CP] Check Pods Manifest.lock */ = {
			isa = PBXShellScriptBuildPhase;
			buildActionMask = 2147483647;
			files = (
			);
			inputPaths = (
				"${PODS_PODFILE_DIR_PATH}/Podfile.lock",
				"${PODS_ROOT}/Manifest.lock",
			);
			name = "[CP] Check Pods Manifest.lock";
			outputPaths = (
				"$(DERIVED_FILE_DIR)/Pods-nirakka-checkManifestLockResult.txt",
			);
			runOnlyForDeploymentPostprocessing = 0;
			shellPath = /bin/sh;
			shellScript = "diff \"${PODS_PODFILE_DIR_PATH}/Podfile.lock\" \"${PODS_ROOT}/Manifest.lock\" > /dev/null\nif [ $? != 0 ] ; then\n    # print error to STDERR\n    echo \"error: The sandbox is not in sync with the Podfile.lock. Run 'pod install' or update your CocoaPods installation.\" >&2\n    exit 1\nfi\n# This output is used by Xcode 'outputs' to avoid re-running this script phase.\necho \"SUCCESS\" > \"${SCRIPT_OUTPUT_FILE_0}\"\n";
			showEnvVarsInLog = 0;
		};
		DBB30F6020B925770023B308 /* ShellScript */ = {
			isa = PBXShellScriptBuildPhase;
			buildActionMask = 2147483647;
			files = (
			);
			inputPaths = (
			);
			outputPaths = (
			);
			runOnlyForDeploymentPostprocessing = 0;
			shellPath = /bin/sh;
			shellScript = "\"$PODS_ROOT/R.swift/rswift\" generate \"$SRCROOT/nirakka\"";
		};
/* End PBXShellScriptBuildPhase section */

/* Begin PBXSourcesBuildPhase section */
		DB9F561020B915390058ADBD /* Sources */ = {
			isa = PBXSourcesBuildPhase;
			buildActionMask = 2147483647;
			files = (
				DBB30F7120B92ACF0023B308 /* TabBarController.swift in Sources */,
				DB9F561820B915390058ADBD /* AppDelegate.swift in Sources */,
				DBFC51BF20B973ED0022F40B /* VirtualObjectNode.swift in Sources */,
				8707DBF020B9E20900E4BC51 /* TeamData.swift in Sources */,
				DBFC51C720B9C70C0022F40B /* Alert.swift in Sources */,
				DBB30F8B20B941920023B308 /* iPhoneSize.swift in Sources */,
				DBB30F8320B93CBB0023B308 /* GameData.swift in Sources */,
				DB9F562E20B920E00058ADBD /* StartVC.swift in Sources */,
				DBB30F9520B9458E0023B308 /* GameDataCell.swift in Sources */,
				DBB30F7F20B93C480023B308 /* CollectionView.swift in Sources */,
				4277106E20B9DBE60082AEA3 /* TwitterUtils.swift in Sources */,
				DBB30F8820B93F5D0023B308 /* TimeLineModel.swift in Sources */,
				871AEE6720BA03CE006DB326 /* Tipping.swift in Sources */,
				DBFC51C520B9C6A30022F40B /* Log.swift in Sources */,
				DBB30F7720B930960023B308 /* TimeLineVC.swift in Sources */,
				DBB30F6D20B928AA0023B308 /* ExUIViewController.swift in Sources */,
				DBB30F8520B93D800023B308 /* SkeletonCollectionViewCell.swift in Sources */,
				DBB30F8120B93C500023B308 /* CollectionViewCell.swift in Sources */,
				871AEE6920BA048E006DB326 /* TippingModel.swift in Sources */,
				DBFC51C320B9C5CB0022F40B /* Constant.swift in Sources */,
				DBB30F7920B930DE0023B308 /* SearchVC.swift in Sources */,
				8707DBEE20B9E1A200E4BC51 /* TeamModel.swift in Sources */,
				DBFC51CB20B9CC940022F40B /* GameDetailVC.swift in Sources */,
				871AEE6520B9FD2F006DB326 /* R.generated.swift in Sources */,
				DBB30F9120B942E20023B308 /* AppExtension.swift in Sources */,
				DBB30F7B20B931280023B308 /* TeamVC.swift in Sources */,
				DBB30F7520B92FE30023B308 /* ExUIIMage.swift in Sources */,
				DBB30F6B20B928AA0023B308 /* TrackingState+Desription.swift in Sources */,
				DBB30F8F20B942B40023B308 /* UIColor+App.swift in Sources */,
				DBFC51C920B9C7AD0022F40B /* Helper.swift in Sources */,
			);
			runOnlyForDeploymentPostprocessing = 0;
		};
/* End PBXSourcesBuildPhase section */

/* Begin PBXVariantGroup section */
		DB9F562220B9153A0058ADBD /* LaunchScreen.storyboard */ = {
			isa = PBXVariantGroup;
			children = (
				DB9F562320B9153A0058ADBD /* Base */,
			);
			name = LaunchScreen.storyboard;
			sourceTree = "<group>";
		};
/* End PBXVariantGroup section */

/* Begin XCBuildConfiguration section */
		DB9F562620B9153A0058ADBD /* Debug */ = {
			isa = XCBuildConfiguration;
			buildSettings = {
				ALWAYS_SEARCH_USER_PATHS = NO;
				CLANG_ANALYZER_NONNULL = YES;
				CLANG_ANALYZER_NUMBER_OBJECT_CONVERSION = YES_AGGRESSIVE;
				CLANG_CXX_LANGUAGE_STANDARD = "gnu++14";
				CLANG_CXX_LIBRARY = "libc++";
				CLANG_ENABLE_MODULES = YES;
				CLANG_ENABLE_OBJC_ARC = YES;
				CLANG_ENABLE_OBJC_WEAK = YES;
				CLANG_WARN_BLOCK_CAPTURE_AUTORELEASING = YES;
				CLANG_WARN_BOOL_CONVERSION = YES;
				CLANG_WARN_COMMA = YES;
				CLANG_WARN_CONSTANT_CONVERSION = YES;
				CLANG_WARN_DEPRECATED_OBJC_IMPLEMENTATIONS = YES;
				CLANG_WARN_DIRECT_OBJC_ISA_USAGE = YES_ERROR;
				CLANG_WARN_DOCUMENTATION_COMMENTS = YES;
				CLANG_WARN_EMPTY_BODY = YES;
				CLANG_WARN_ENUM_CONVERSION = YES;
				CLANG_WARN_INFINITE_RECURSION = YES;
				CLANG_WARN_INT_CONVERSION = YES;
				CLANG_WARN_NON_LITERAL_NULL_CONVERSION = YES;
				CLANG_WARN_OBJC_IMPLICIT_RETAIN_SELF = YES;
				CLANG_WARN_OBJC_LITERAL_CONVERSION = YES;
				CLANG_WARN_OBJC_ROOT_CLASS = YES_ERROR;
				CLANG_WARN_RANGE_LOOP_ANALYSIS = YES;
				CLANG_WARN_STRICT_PROTOTYPES = YES;
				CLANG_WARN_SUSPICIOUS_MOVE = YES;
				CLANG_WARN_UNGUARDED_AVAILABILITY = YES_AGGRESSIVE;
				CLANG_WARN_UNREACHABLE_CODE = YES;
				CLANG_WARN__DUPLICATE_METHOD_MATCH = YES;
				CODE_SIGN_IDENTITY = "iPhone Developer";
				COPY_PHASE_STRIP = NO;
				DEBUG_INFORMATION_FORMAT = dwarf;
				ENABLE_STRICT_OBJC_MSGSEND = YES;
				ENABLE_TESTABILITY = YES;
				GCC_C_LANGUAGE_STANDARD = gnu11;
				GCC_DYNAMIC_NO_PIC = NO;
				GCC_NO_COMMON_BLOCKS = YES;
				GCC_OPTIMIZATION_LEVEL = 0;
				GCC_PREPROCESSOR_DEFINITIONS = (
					"DEBUG=1",
					"$(inherited)",
				);
				GCC_WARN_64_TO_32_BIT_CONVERSION = YES;
				GCC_WARN_ABOUT_RETURN_TYPE = YES_ERROR;
				GCC_WARN_UNDECLARED_SELECTOR = YES;
				GCC_WARN_UNINITIALIZED_AUTOS = YES_AGGRESSIVE;
				GCC_WARN_UNUSED_FUNCTION = YES;
				GCC_WARN_UNUSED_VARIABLE = YES;
				IPHONEOS_DEPLOYMENT_TARGET = 11.3;
				MTL_ENABLE_DEBUG_INFO = YES;
				ONLY_ACTIVE_ARCH = YES;
				SDKROOT = iphoneos;
				SWIFT_ACTIVE_COMPILATION_CONDITIONS = DEBUG;
				SWIFT_OPTIMIZATION_LEVEL = "-Onone";
			};
			name = Debug;
		};
		DB9F562720B9153A0058ADBD /* Release */ = {
			isa = XCBuildConfiguration;
			buildSettings = {
				ALWAYS_SEARCH_USER_PATHS = NO;
				CLANG_ANALYZER_NONNULL = YES;
				CLANG_ANALYZER_NUMBER_OBJECT_CONVERSION = YES_AGGRESSIVE;
				CLANG_CXX_LANGUAGE_STANDARD = "gnu++14";
				CLANG_CXX_LIBRARY = "libc++";
				CLANG_ENABLE_MODULES = YES;
				CLANG_ENABLE_OBJC_ARC = YES;
				CLANG_ENABLE_OBJC_WEAK = YES;
				CLANG_WARN_BLOCK_CAPTURE_AUTORELEASING = YES;
				CLANG_WARN_BOOL_CONVERSION = YES;
				CLANG_WARN_COMMA = YES;
				CLANG_WARN_CONSTANT_CONVERSION = YES;
				CLANG_WARN_DEPRECATED_OBJC_IMPLEMENTATIONS = YES;
				CLANG_WARN_DIRECT_OBJC_ISA_USAGE = YES_ERROR;
				CLANG_WARN_DOCUMENTATION_COMMENTS = YES;
				CLANG_WARN_EMPTY_BODY = YES;
				CLANG_WARN_ENUM_CONVERSION = YES;
				CLANG_WARN_INFINITE_RECURSION = YES;
				CLANG_WARN_INT_CONVERSION = YES;
				CLANG_WARN_NON_LITERAL_NULL_CONVERSION = YES;
				CLANG_WARN_OBJC_IMPLICIT_RETAIN_SELF = YES;
				CLANG_WARN_OBJC_LITERAL_CONVERSION = YES;
				CLANG_WARN_OBJC_ROOT_CLASS = YES_ERROR;
				CLANG_WARN_RANGE_LOOP_ANALYSIS = YES;
				CLANG_WARN_STRICT_PROTOTYPES = YES;
				CLANG_WARN_SUSPICIOUS_MOVE = YES;
				CLANG_WARN_UNGUARDED_AVAILABILITY = YES_AGGRESSIVE;
				CLANG_WARN_UNREACHABLE_CODE = YES;
				CLANG_WARN__DUPLICATE_METHOD_MATCH = YES;
				CODE_SIGN_IDENTITY = "iPhone Developer";
				COPY_PHASE_STRIP = NO;
				DEBUG_INFORMATION_FORMAT = "dwarf-with-dsym";
				ENABLE_NS_ASSERTIONS = NO;
				ENABLE_STRICT_OBJC_MSGSEND = YES;
				GCC_C_LANGUAGE_STANDARD = gnu11;
				GCC_NO_COMMON_BLOCKS = YES;
				GCC_WARN_64_TO_32_BIT_CONVERSION = YES;
				GCC_WARN_ABOUT_RETURN_TYPE = YES_ERROR;
				GCC_WARN_UNDECLARED_SELECTOR = YES;
				GCC_WARN_UNINITIALIZED_AUTOS = YES_AGGRESSIVE;
				GCC_WARN_UNUSED_FUNCTION = YES;
				GCC_WARN_UNUSED_VARIABLE = YES;
				IPHONEOS_DEPLOYMENT_TARGET = 11.3;
				MTL_ENABLE_DEBUG_INFO = NO;
				SDKROOT = iphoneos;
				SWIFT_COMPILATION_MODE = wholemodule;
				SWIFT_OPTIMIZATION_LEVEL = "-O";
				VALIDATE_PRODUCT = YES;
			};
			name = Release;
		};
		DB9F562920B9153A0058ADBD /* Debug */ = {
			isa = XCBuildConfiguration;
			baseConfigurationReference = 30E3CE219D359DDE423B74BC /* Pods-nirakka.debug.xcconfig */;
			buildSettings = {
				ASSETCATALOG_COMPILER_APPICON_NAME = AppIcon;
				CODE_SIGN_STYLE = Automatic;
				DEVELOPMENT_TEAM = XK2UZ42449;
				INFOPLIST_FILE = nirakka/Info.plist;
				IPHONEOS_DEPLOYMENT_TARGET = 11.0;
				LD_RUNPATH_SEARCH_PATHS = (
					"$(inherited)",
					"@executable_path/Frameworks",
				);
				PRODUCT_BUNDLE_IDENTIFIER = nagezeni.nirakka;
				PRODUCT_NAME = "$(TARGET_NAME)";
				SWIFT_VERSION = 4.0;
				TARGETED_DEVICE_FAMILY = "1,2";
			};
			name = Debug;
		};
		DB9F562A20B9153A0058ADBD /* Release */ = {
			isa = XCBuildConfiguration;
			baseConfigurationReference = 21F5728E5DF2DD06AD14AD27 /* Pods-nirakka.release.xcconfig */;
			buildSettings = {
				ASSETCATALOG_COMPILER_APPICON_NAME = AppIcon;
				CODE_SIGN_STYLE = Automatic;
				DEVELOPMENT_TEAM = XK2UZ42449;
				INFOPLIST_FILE = nirakka/Info.plist;
				IPHONEOS_DEPLOYMENT_TARGET = 11.0;
				LD_RUNPATH_SEARCH_PATHS = (
					"$(inherited)",
					"@executable_path/Frameworks",
				);
				PRODUCT_BUNDLE_IDENTIFIER = nagezeni.nirakka;
				PRODUCT_NAME = "$(TARGET_NAME)";
				SWIFT_VERSION = 4.0;
				TARGETED_DEVICE_FAMILY = "1,2";
			};
			name = Release;
		};
/* End XCBuildConfiguration section */

/* Begin XCConfigurationList section */
		DB9F560F20B915390058ADBD /* Build configuration list for PBXProject "nirakka" */ = {
			isa = XCConfigurationList;
			buildConfigurations = (
				DB9F562620B9153A0058ADBD /* Debug */,
				DB9F562720B9153A0058ADBD /* Release */,
			);
			defaultConfigurationIsVisible = 0;
			defaultConfigurationName = Release;
		};
		DB9F562820B9153A0058ADBD /* Build configuration list for PBXNativeTarget "nirakka" */ = {
			isa = XCConfigurationList;
			buildConfigurations = (
				DB9F562920B9153A0058ADBD /* Debug */,
				DB9F562A20B9153A0058ADBD /* Release */,
			);
			defaultConfigurationIsVisible = 0;
			defaultConfigurationName = Release;
		};
/* End XCConfigurationList section */
	};
	rootObject = DB9F560C20B915390058ADBD /* Project object */;
}
